
Microsoft Visual Studio Solution File, Format Version 12.00
# Visual Studio Version 17
VisualStudioVersion = 17.0.32112.339
MinimumVisualStudioVersion = 10.0.40219.1
Project("{FAE04EC0-301F-11D3-BF4B-00C04F79EFBC}") = "Final_Proje", "Final_Proje\Final_Proje.csproj", "{79CEDF12-F8D6-4596-876D-0498AA5AECBE}"
EndProject
Global
	GlobalSection(SolutionConfigurationPlatforms) = preSolution
		Debug|Any CPU = Debug|Any CPU
		Release|Any CPU = Release|Any CPU
	EndGlobalSection
	GlobalSection(ProjectConfigurationPlatforms) = postSolution
		{79CEDF12-F8D6-4596-876D-0498AA5AECBE}.Debug|Any CPU.ActiveCfg = Debug|Any CPU
		{79CEDF12-F8D6-4596-876D-0498AA5AECBE}.Debug|Any CPU.Build.0 = Debug|Any CPU
		{79CEDF12-F8D6-4596-876D-0498AA5AECBE}.Release|Any CPU.ActiveCfg = Release|Any CPU
		{79CEDF12-F8D6-4596-876D-0498AA5AECBE}.Release|Any CPU.Build.0 = Release|Any CPU
	EndGlobalSection
	GlobalSection(SolutionProperties) = preSolution
		HideSolutionNode = FALSE
	EndGlobalSection
	GlobalSection(ExtensibilityGlobals) = postSolution
		SolutionGuid = {F42914C4-813A-4F41-8202-919889CA221A}
	EndGlobalSection
EndGlobal
